
Microsoft Visual Studio Solution File, Format Version 12.00
# Visual Studio 2013
VisualStudioVersion = 12.0.31101.0
MinimumVisualStudioVersion = 10.0.40219.1
Project("{FAE04EC0-301F-11D3-BF4B-00C04F79EFBC}") = "KrBat", "KrBat\KrBat.csproj", "{3BB7140D-8FA6-4AF7-A2F0-38383C629DDC}"
	ProjectSection(ProjectDependencies) = postProject
		{4960DD14-3431-47EC-B9D9-9D2730A98DC3} = {4960DD14-3431-47EC-B9D9-9D2730A98DC3}
		{B87AD11B-B701-496B-B48E-D1D963F2A336} = {B87AD11B-B701-496B-B48E-D1D963F2A336}
		{FA08845A-5B3B-4E1F-9937-2D048C978ED2} = {FA08845A-5B3B-4E1F-9937-2D048C978ED2}
	EndProjectSection
EndProject
Project("{FAE04EC0-301F-11D3-BF4B-00C04F79EFBC}") = "SevenZipSharp", "KrCore\SevenZip\SevenZipSharp.csproj", "{4960DD14-3431-47EC-B9D9-9D2730A98DC3}"
EndProject
Project("{FAE04EC0-301F-11D3-BF4B-00C04F79EFBC}") = "KrDecrypt", "KrCore\KrDecrypt\KrDecrypt.csproj", "{B87AD11B-B701-496B-B48E-D1D963F2A336}"
EndProject
Project("{FAE04EC0-301F-11D3-BF4B-00C04F79EFBC}") = "KrDirWalker", "KrDirWalker\KrDirWalker.csproj", "{FA08845A-5B3B-4E1F-9937-2D048C978ED2}"
EndProject
Global
	GlobalSection(SolutionConfigurationPlatforms) = preSolution
		Debug|Any CPU = Debug|Any CPU
		Deploy|Any CPU = Deploy|Any CPU
		Release|Any CPU = Release|Any CPU
	EndGlobalSection
	GlobalSection(ProjectConfigurationPlatforms) = postSolution
		{3BB7140D-8FA6-4AF7-A2F0-38383C629DDC}.Debug|Any CPU.ActiveCfg = Debug|Any CPU
		{3BB7140D-8FA6-4AF7-A2F0-38383C629DDC}.Debug|Any CPU.Build.0 = Debug|Any CPU
		{3BB7140D-8FA6-4AF7-A2F0-38383C629DDC}.Deploy|Any CPU.ActiveCfg = Debug|Any CPU
		{3BB7140D-8FA6-4AF7-A2F0-38383C629DDC}.Deploy|Any CPU.Build.0 = Debug|Any CPU
		{3BB7140D-8FA6-4AF7-A2F0-38383C629DDC}.Release|Any CPU.ActiveCfg = Release|Any CPU
		{3BB7140D-8FA6-4AF7-A2F0-38383C629DDC}.Release|Any CPU.Build.0 = Release|Any CPU
		{4960DD14-3431-47EC-B9D9-9D2730A98DC3}.Debug|Any CPU.ActiveCfg = Debug|Any CPU
		{4960DD14-3431-47EC-B9D9-9D2730A98DC3}.Debug|Any CPU.Build.0 = Debug|Any CPU
		{4960DD14-3431-47EC-B9D9-9D2730A98DC3}.Deploy|Any CPU.ActiveCfg = Deploy|Any CPU
		{4960DD14-3431-47EC-B9D9-9D2730A98DC3}.Deploy|Any CPU.Build.0 = Deploy|Any CPU
		{4960DD14-3431-47EC-B9D9-9D2730A98DC3}.Release|Any CPU.ActiveCfg = Release|Any CPU
		{4960DD14-3431-47EC-B9D9-9D2730A98DC3}.Release|Any CPU.Build.0 = Release|Any CPU
		{B87AD11B-B701-496B-B48E-D1D963F2A336}.Debug|Any CPU.ActiveCfg = Debug|Any CPU
		{B87AD11B-B701-496B-B48E-D1D963F2A336}.Debug|Any CPU.Build.0 = Debug|Any CPU
		{B87AD11B-B701-496B-B48E-D1D963F2A336}.Deploy|Any CPU.ActiveCfg = Debug|Any CPU
		{B87AD11B-B701-496B-B48E-D1D963F2A336}.Deploy|Any CPU.Build.0 = Debug|Any CPU
		{B87AD11B-B701-496B-B48E-D1D963F2A336}.Release|Any CPU.ActiveCfg = Release|Any CPU
		{B87AD11B-B701-496B-B48E-D1D963F2A336}.Release|Any CPU.Build.0 = Release|Any CPU
		{FA08845A-5B3B-4E1F-9937-2D048C978ED2}.Debug|Any CPU.ActiveCfg = Debug|Any CPU
		{FA08845A-5B3B-4E1F-9937-2D048C978ED2}.Debug|Any CPU.Build.0 = Debug|Any CPU
		{FA08845A-5B3B-4E1F-9937-2D048C978ED2}.Deploy|Any CPU.ActiveCfg = Debug|Any CPU
		{FA08845A-5B3B-4E1F-9937-2D048C978ED2}.Deploy|Any CPU.Build.0 = Debug|Any CPU
		{FA08845A-5B3B-4E1F-9937-2D048C978ED2}.Release|Any CPU.ActiveCfg = Release|Any CPU
		{FA08845A-5B3B-4E1F-9937-2D048C978ED2}.Release|Any CPU.Build.0 = Release|Any CPU
	EndGlobalSection
	GlobalSection(SolutionProperties) = preSolution
		HideSolutionNode = FALSE
	EndGlobalSection
EndGlobal
